{
  "originHash" : "e3c6b033da8beb33df29b6fda7a63fe8d8d80a58ca225d948d97b1e894cf0232",
  "pins" : [
    {
      "identity" : "skip",
      "kind" : "remoteSourceControl",
      "location" : "https://source.skip.tools/skip.git",
      "state" : {
        "revision" : "885f0c520e1ebdbec1f0e296d713293dadc5a2f4",
        "version" : "1.9.5"
      }
    },
    {
      "identity" : "skip-ffi",
      "kind" : "remoteSourceControl",
      "location" : "https://source.skip.tools/skip-ffi.git",
      "state" : {
        "revision" : "0fd762e8c122ed8c8b6c7788a3c036b834ee4958",
        "version" : "1.2.2"
      }
    },
    {
      "identity" : "skip-foundation",
      "kind" : "remoteSourceControl",
      "location" : "https://source.skip.tools/skip-foundation.git",
      "state" : {
        "revision" : "94d47aeed3bb8027ef3ad8e07a8771b52529c238",
        "version" : "1.4.2"
      }
    },
    {
      "identity" : "skip-lib",
      "kind" : "remoteSourceControl",
      "location" : "https://source.skip.tools/skip-lib.git",
      "state" : {
        "revision" : "76e7da8a870b5b66ea0c3264f648b58b73bcdc0d",
        "version" : "1.4.0"
      }
    },
    {
      "identity" : "skip-model",
      "kind" : "remoteSourceControl",
      "location" : "https://source.skip.tools/skip-model.git",
      "state" : {
        "revision" : "eaf419fc17db626e87c4af3013a56e49aa980adb",
        "version" : "1.7.5"
      }
    },
    {
      "identity" : "skip-ui",
      "kind" : "remoteSourceControl",
      "location" : "https://source.skip.tools/skip-ui.git",
      "state" : {
        "revision" : "ef7bbdd541cdf2efd3ce6ecde72337e1beb92366",
        "version" : "1.59.1"
      }
    },
    {
      "identity" : "skip-unit",
      "kind" : "remoteSourceControl",
      "location" : "https://source.skip.tools/skip-unit.git",
      "state" : {
        "revision" : "c89af47fd645e04db863e938ade39f91e1bb62b8",
        "version" : "1.7.0"
      }
    }
  ],
  "version" : 3
}
